
Microsoft Visual Studio Solution File, Format Version 12.00
# Visual Studio Version 17
VisualStudioVersion = 17.3.32901.215
MinimumVisualStudioVersion = 10.0.40219.1
Project("{FAE04EC0-301F-11D3-BF4B-00C04F79EFBC}") = "IntroEnlight", "IntroEnlight\IntroEnlight.csproj", "{B97851FE-734F-4BF2-926E-14325FDC703F}"
EndProject
Global
	GlobalSection(SolutionConfigurationPlatforms) = preSolution
		Debug|Any CPU = Debug|Any CPU
		Release|Any CPU = Release|Any CPU
	EndGlobalSection
	GlobalSection(ProjectConfigurationPlatforms) = postSolution
		{B97851FE-734F-4BF2-926E-14325FDC703F}.Debug|Any CPU.ActiveCfg = Debug|Any CPU
		{B97851FE-734F-4BF2-926E-14325FDC703F}.Debug|Any CPU.Build.0 = Debug|Any CPU
		{B97851FE-734F-4BF2-926E-14325FDC703F}.Release|Any CPU.ActiveCfg = Release|Any CPU
		{B97851FE-734F-4BF2-926E-14325FDC703F}.Release|Any CPU.Build.0 = Release|Any CPU
	EndGlobalSection
	GlobalSection(SolutionProperties) = preSolution
		HideSolutionNode = FALSE
	EndGlobalSection
	GlobalSection(ExtensibilityGlobals) = postSolution
		SolutionGuid = {221636D9-2A9C-4031-92DA-2892D966D31F}
	EndGlobalSection
EndGlobal
